
Microsoft Visual Studio Solution File, Format Version 9.00
# Visual Studio 2005
Project("{8BC9CEB8-8B4A-11D0-8D11-00A0C91BC942}") = "hello", "hello\hello-8.0.vcproj", "{4813826B-CC80-4D8F-8E4C-D89DB83B6479}"
EndProject
Project("{8BC9CEB8-8B4A-11D0-8D11-00A0C91BC942}") = "features", "features\features-8.0.vcproj", "{FA7FD071-4FF6-4EB3-96E0-95366AB2CA6F}"
EndProject
Global
	GlobalSection(SolutionConfigurationPlatforms) = preSolution
		Debug|Win32 = Debug|Win32
		Release|Win32 = Release|Win32
	EndGlobalSection
	GlobalSection(ProjectConfigurationPlatforms) = postSolution
		{4813826B-CC80-4D8F-8E4C-D89DB83B6479}.Debug|Win32.ActiveCfg = Debug|Win32
		{4813826B-CC80-4D8F-8E4C-D89DB83B6479}.Debug|Win32.Build.0 = Debug|Win32
		{4813826B-CC80-4D8F-8E4C-D89DB83B6479}.Release|Win32.ActiveCfg = Release|Win32
		{4813826B-CC80-4D8F-8E4C-D89DB83B6479}.Release|Win32.Build.0 = Release|Win32
		{FA7FD071-4FF6-4EB3-96E0-95366AB2CA6F}.Debug|Win32.ActiveCfg = Debug|Win32
		{FA7FD071-4FF6-4EB3-96E0-95366AB2CA6F}.Debug|Win32.Build.0 = Debug|Win32
		{FA7FD071-4FF6-4EB3-96E0-95366AB2CA6F}.Release|Win32.ActiveCfg = Release|Win32
		{FA7FD071-4FF6-4EB3-96E0-95366AB2CA6F}.Release|Win32.Build.0 = Release|Win32
	EndGlobalSection
	GlobalSection(SolutionProperties) = preSolution
		HideSolutionNode = FALSE
	EndGlobalSection
EndGlobal
