
Microsoft Visual Studio Solution File, Format Version 10.00
# Visual Studio 2008
Project("{8BC9CEB8-8B4A-11D0-8D11-00A0C91BC942}") = "hello", "hello\hello-9.0.vcproj", "{C955CE91-C424-44A8-AAC5-64D50CDADABA}"
EndProject
Project("{8BC9CEB8-8B4A-11D0-8D11-00A0C91BC942}") = "features", "features\features-9.0.vcproj", "{A2A8DB0D-FA16-4F85-9775-8ADBDD06AE90}"
EndProject
Project("{8BC9CEB8-8B4A-11D0-8D11-00A0C91BC942}") = "file", "file\file-9.0.vcproj", "{ECCD3577-1DB2-4F38-9ED7-757433B8D66F}"
EndProject
Global
	GlobalSection(SolutionConfigurationPlatforms) = preSolution
		Debug|Win32 = Debug|Win32
		Release|Win32 = Release|Win32
	EndGlobalSection
	GlobalSection(ProjectConfigurationPlatforms) = postSolution
		{C955CE91-C424-44A8-AAC5-64D50CDADABA}.Debug|Win32.ActiveCfg = Debug|Win32
		{C955CE91-C424-44A8-AAC5-64D50CDADABA}.Debug|Win32.Build.0 = Debug|Win32
		{C955CE91-C424-44A8-AAC5-64D50CDADABA}.Release|Win32.ActiveCfg = Release|Win32
		{C955CE91-C424-44A8-AAC5-64D50CDADABA}.Release|Win32.Build.0 = Release|Win32
		{A2A8DB0D-FA16-4F85-9775-8ADBDD06AE90}.Debug|Win32.ActiveCfg = Debug|Win32
		{A2A8DB0D-FA16-4F85-9775-8ADBDD06AE90}.Debug|Win32.Build.0 = Debug|Win32
		{A2A8DB0D-FA16-4F85-9775-8ADBDD06AE90}.Release|Win32.ActiveCfg = Release|Win32
		{A2A8DB0D-FA16-4F85-9775-8ADBDD06AE90}.Release|Win32.Build.0 = Release|Win32
		{ECCD3577-1DB2-4F38-9ED7-757433B8D66F}.Debug|Win32.ActiveCfg = Debug|Win32
		{ECCD3577-1DB2-4F38-9ED7-757433B8D66F}.Debug|Win32.Build.0 = Debug|Win32
		{ECCD3577-1DB2-4F38-9ED7-757433B8D66F}.Release|Win32.ActiveCfg = Release|Win32
		{ECCD3577-1DB2-4F38-9ED7-757433B8D66F}.Release|Win32.Build.0 = Release|Win32
	EndGlobalSection
	GlobalSection(SolutionProperties) = preSolution
		HideSolutionNode = FALSE
	EndGlobalSection
EndGlobal
